
Microsoft Visual Studio Solution File, Format Version 12.00
# Visual Studio Version 17
VisualStudioVersion = 17.9.34723.18
MinimumVisualStudioVersion = 10.0.40219.1
Project("{FAE04EC0-301F-11D3-BF4B-00C04F79EFBC}") = "pryMarkoja_IEFI", "pryMarkoja_IEFI\pryMarkoja_IEFI.csproj", "{939D6AA0-8536-43A5-8113-5568498D6E12}"
EndProject
Global
	GlobalSection(SolutionConfigurationPlatforms) = preSolution
		Debug|Any CPU = Debug|Any CPU
		Release|Any CPU = Release|Any CPU
	EndGlobalSection
	GlobalSection(ProjectConfigurationPlatforms) = postSolution
		{939D6AA0-8536-43A5-8113-5568498D6E12}.Debug|Any CPU.ActiveCfg = Debug|Any CPU
		{939D6AA0-8536-43A5-8113-5568498D6E12}.Debug|Any CPU.Build.0 = Debug|Any CPU
		{939D6AA0-8536-43A5-8113-5568498D6E12}.Release|Any CPU.ActiveCfg = Release|Any CPU
		{939D6AA0-8536-43A5-8113-5568498D6E12}.Release|Any CPU.Build.0 = Release|Any CPU
	EndGlobalSection
	GlobalSection(SolutionProperties) = preSolution
		HideSolutionNode = FALSE
	EndGlobalSection
	GlobalSection(ExtensibilityGlobals) = postSolution
		SolutionGuid = {4443844A-5113-45BD-ABD1-548C2619E1FB}
	EndGlobalSection
EndGlobal
